
Microsoft Visual Studio Solution File, Format Version 12.00
# Visual Studio Version 16
VisualStudioVersion = 16.0.31005.135
MinimumVisualStudioVersion = 10.0.40219.1
Project("{9A19103F-16F7-4668-BE54-9A1E7A4F7556}") = "SEP6", "SEP6\SEP6.csproj", "{297BCA55-8787-430E-98B0-998370802C07}"
EndProject
Project("{FAE04EC0-301F-11D3-BF4B-00C04F79EFBC}") = "SEP6.Tests", "SEP6.Tests\SEP6.Tests.csproj", "{5DFB257D-083A-4BE7-88AB-BFD51B8004AD}"
EndProject
Global
	GlobalSection(SolutionConfigurationPlatforms) = preSolution
		Debug|Any CPU = Debug|Any CPU
		Release|Any CPU = Release|Any CPU
	EndGlobalSection
	GlobalSection(ProjectConfigurationPlatforms) = postSolution
		{297BCA55-8787-430E-98B0-998370802C07}.Debug|Any CPU.ActiveCfg = Debug|Any CPU
		{297BCA55-8787-430E-98B0-998370802C07}.Debug|Any CPU.Build.0 = Debug|Any CPU
		{297BCA55-8787-430E-98B0-998370802C07}.Release|Any CPU.ActiveCfg = Release|Any CPU
		{297BCA55-8787-430E-98B0-998370802C07}.Release|Any CPU.Build.0 = Release|Any CPU
		{5DFB257D-083A-4BE7-88AB-BFD51B8004AD}.Debug|Any CPU.ActiveCfg = Debug|Any CPU
		{5DFB257D-083A-4BE7-88AB-BFD51B8004AD}.Debug|Any CPU.Build.0 = Debug|Any CPU
		{5DFB257D-083A-4BE7-88AB-BFD51B8004AD}.Release|Any CPU.ActiveCfg = Release|Any CPU
		{5DFB257D-083A-4BE7-88AB-BFD51B8004AD}.Release|Any CPU.Build.0 = Release|Any CPU
	EndGlobalSection
	GlobalSection(SolutionProperties) = preSolution
		HideSolutionNode = FALSE
	EndGlobalSection
	GlobalSection(ExtensibilityGlobals) = postSolution
		SolutionGuid = {D66BB957-8223-413A-A5B8-2840ECE99E39}
	EndGlobalSection
EndGlobal
